
Microsoft Visual Studio Solution File, Format Version 12.00
# Visual Studio Version 16
VisualStudioVersion = 16.0.32228.343
MinimumVisualStudioVersion = 10.0.40219.1
Project("{9A19103F-16F7-4668-BE54-9A1E7A4F7556}") = "CustomerSupportApi", "CustomerSupportProject\CustomerSupportApi.csproj", "{36D0ECED-2037-4805-B647-20FD92FCFBDD}"
EndProject
Global
	GlobalSection(SolutionConfigurationPlatforms) = preSolution
		Debug|Any CPU = Debug|Any CPU
		Release|Any CPU = Release|Any CPU
	EndGlobalSection
	GlobalSection(ProjectConfigurationPlatforms) = postSolution
		{36D0ECED-2037-4805-B647-20FD92FCFBDD}.Debug|Any CPU.ActiveCfg = Debug|Any CPU
		{36D0ECED-2037-4805-B647-20FD92FCFBDD}.Debug|Any CPU.Build.0 = Debug|Any CPU
		{36D0ECED-2037-4805-B647-20FD92FCFBDD}.Release|Any CPU.ActiveCfg = Release|Any CPU
		{36D0ECED-2037-4805-B647-20FD92FCFBDD}.Release|Any CPU.Build.0 = Release|Any CPU
	EndGlobalSection
	GlobalSection(SolutionProperties) = preSolution
		HideSolutionNode = FALSE
	EndGlobalSection
	GlobalSection(ExtensibilityGlobals) = postSolution
		SolutionGuid = {FD656C18-B05F-464C-9DBA-5100BB631634}
	EndGlobalSection
EndGlobal
